
Microsoft Visual Studio Solution File, Format Version 12.00
# Visual Studio Version 17
VisualStudioVersion = 17.9.34728.123
MinimumVisualStudioVersion = 10.0.40219.1
Project("{9A19103F-16F7-4668-BE54-9A1E7A4F7556}") = "OnBoardingCountriesBE", "OnBoardingCountriesBE\OnBoardingCountriesBE.csproj", "{55B26B54-7788-4252-B224-E4E3DBEF73C4}"
	ProjectSection(ProjectDependencies) = postProject
		{530D2C47-A012-4A2E-B7F3-E129F97ECCD2} = {530D2C47-A012-4A2E-B7F3-E129F97ECCD2}
	EndProjectSection
EndProject
Project("{FAE04EC0-301F-11D3-BF4B-00C04F79EFBC}") = "OnboardingCountriesDAL", "OnboardingCountriesDAL\OnboardingCountriesDAL.csproj", "{530D2C47-A012-4A2E-B7F3-E129F97ECCD2}"
EndProject
Global
	GlobalSection(SolutionConfigurationPlatforms) = preSolution
		Debug|Any CPU = Debug|Any CPU
		Release|Any CPU = Release|Any CPU
	EndGlobalSection
	GlobalSection(ProjectConfigurationPlatforms) = postSolution
		{55B26B54-7788-4252-B224-E4E3DBEF73C4}.Debug|Any CPU.ActiveCfg = Debug|Any CPU
		{55B26B54-7788-4252-B224-E4E3DBEF73C4}.Debug|Any CPU.Build.0 = Debug|Any CPU
		{55B26B54-7788-4252-B224-E4E3DBEF73C4}.Release|Any CPU.ActiveCfg = Release|Any CPU
		{55B26B54-7788-4252-B224-E4E3DBEF73C4}.Release|Any CPU.Build.0 = Release|Any CPU
		{530D2C47-A012-4A2E-B7F3-E129F97ECCD2}.Debug|Any CPU.ActiveCfg = Debug|Any CPU
		{530D2C47-A012-4A2E-B7F3-E129F97ECCD2}.Debug|Any CPU.Build.0 = Debug|Any CPU
		{530D2C47-A012-4A2E-B7F3-E129F97ECCD2}.Release|Any CPU.ActiveCfg = Release|Any CPU
		{530D2C47-A012-4A2E-B7F3-E129F97ECCD2}.Release|Any CPU.Build.0 = Release|Any CPU
	EndGlobalSection
	GlobalSection(SolutionProperties) = preSolution
		HideSolutionNode = FALSE
	EndGlobalSection
	GlobalSection(ExtensibilityGlobals) = postSolution
		SolutionGuid = {3C36B6B6-38FC-4036-A214-9130092EE36F}
	EndGlobalSection
EndGlobal
